
Microsoft Visual Studio Solution File, Format Version 12.00
# Visual Studio Version 17
VisualStudioVersion = 17.1.32328.378
MinimumVisualStudioVersion = 10.0.40219.1
Project("{FAE04EC0-301F-11D3-BF4B-00C04F79EFBC}") = "TarefaWorks.API", "TarefaWorks.API\TarefaWorks.API.csproj", "{2622369B-EF98-4212-BF92-D4ED46FFE897}"
EndProject
Global
	GlobalSection(SolutionConfigurationPlatforms) = preSolution
		Debug|Any CPU = Debug|Any CPU
		Release|Any CPU = Release|Any CPU
	EndGlobalSection
	GlobalSection(ProjectConfigurationPlatforms) = postSolution
		{2622369B-EF98-4212-BF92-D4ED46FFE897}.Debug|Any CPU.ActiveCfg = Debug|Any CPU
		{2622369B-EF98-4212-BF92-D4ED46FFE897}.Debug|Any CPU.Build.0 = Debug|Any CPU
		{2622369B-EF98-4212-BF92-D4ED46FFE897}.Release|Any CPU.ActiveCfg = Release|Any CPU
		{2622369B-EF98-4212-BF92-D4ED46FFE897}.Release|Any CPU.Build.0 = Release|Any CPU
	EndGlobalSection
	GlobalSection(SolutionProperties) = preSolution
		HideSolutionNode = FALSE
	EndGlobalSection
	GlobalSection(ExtensibilityGlobals) = postSolution
		SolutionGuid = {70DE48A2-555F-47DC-9B2D-DB71BD7238E8}
	EndGlobalSection
EndGlobal
